
Microsoft Visual Studio Solution File, Format Version 12.00
# Visual Studio Version 17
VisualStudioVersion = 17.9.34728.123
MinimumVisualStudioVersion = 10.0.40219.1
Project("{9A19103F-16F7-4668-BE54-9A1E7A4F7556}") = "ModuloConsultasGiGas", "ModuloConsultasGiGas\ModuloConsultasGiGas.csproj", "{47AE9E77-D341-4E09-9D2F-7D5019BCE5A9}"
EndProject
Global
	GlobalSection(SolutionConfigurationPlatforms) = preSolution
		Debug|Any CPU = Debug|Any CPU
		Release|Any CPU = Release|Any CPU
	EndGlobalSection
	GlobalSection(ProjectConfigurationPlatforms) = postSolution
		{47AE9E77-D341-4E09-9D2F-7D5019BCE5A9}.Debug|Any CPU.ActiveCfg = Debug|Any CPU
		{47AE9E77-D341-4E09-9D2F-7D5019BCE5A9}.Debug|Any CPU.Build.0 = Debug|Any CPU
		{47AE9E77-D341-4E09-9D2F-7D5019BCE5A9}.Release|Any CPU.ActiveCfg = Release|Any CPU
		{47AE9E77-D341-4E09-9D2F-7D5019BCE5A9}.Release|Any CPU.Build.0 = Release|Any CPU
	EndGlobalSection
	GlobalSection(SolutionProperties) = preSolution
		HideSolutionNode = FALSE
	EndGlobalSection
	GlobalSection(ExtensibilityGlobals) = postSolution
		SolutionGuid = {FBA0CD14-673E-4750-81AD-CAA6A2E630A4}
	EndGlobalSection
EndGlobal
